
Microsoft Visual Studio Solution File, Format Version 12.00
# Visual Studio Version 17
VisualStudioVersion = 17.9.34616.47
MinimumVisualStudioVersion = 10.0.40219.1
Project("{FAE04EC0-301F-11D3-BF4B-00C04F79EFBC}") = "Tuples", "Tuples.csproj", "{C9008B44-1D96-4B48-AA40-2EE2B52B46A8}"
EndProject
Global
	GlobalSection(SolutionConfigurationPlatforms) = preSolution
		Debug|Any CPU = Debug|Any CPU
		Release|Any CPU = Release|Any CPU
	EndGlobalSection
	GlobalSection(ProjectConfigurationPlatforms) = postSolution
		{C9008B44-1D96-4B48-AA40-2EE2B52B46A8}.Debug|Any CPU.ActiveCfg = Debug|Any CPU
		{C9008B44-1D96-4B48-AA40-2EE2B52B46A8}.Debug|Any CPU.Build.0 = Debug|Any CPU
		{C9008B44-1D96-4B48-AA40-2EE2B52B46A8}.Release|Any CPU.ActiveCfg = Release|Any CPU
		{C9008B44-1D96-4B48-AA40-2EE2B52B46A8}.Release|Any CPU.Build.0 = Release|Any CPU
	EndGlobalSection
	GlobalSection(SolutionProperties) = preSolution
		HideSolutionNode = FALSE
	EndGlobalSection
	GlobalSection(ExtensibilityGlobals) = postSolution
		SolutionGuid = {AE0B51E8-E25E-4F27-947A-BD8A5BD8EA23}
	EndGlobalSection
EndGlobal
