
Microsoft Visual Studio Solution File, Format Version 12.00
# Visual Studio Version 17
VisualStudioVersion = 17.9.34607.119
MinimumVisualStudioVersion = 10.0.40219.1
Project("{FAE04EC0-301F-11D3-BF4B-00C04F79EFBC}") = "BitArray", "BitArray.csproj", "{9E7E464E-E355-403B-9A63-1C2EBFCC88D7}"
EndProject
Global
	GlobalSection(SolutionConfigurationPlatforms) = preSolution
		Debug|Any CPU = Debug|Any CPU
		Release|Any CPU = Release|Any CPU
	EndGlobalSection
	GlobalSection(ProjectConfigurationPlatforms) = postSolution
		{9E7E464E-E355-403B-9A63-1C2EBFCC88D7}.Debug|Any CPU.ActiveCfg = Debug|Any CPU
		{9E7E464E-E355-403B-9A63-1C2EBFCC88D7}.Debug|Any CPU.Build.0 = Debug|Any CPU
		{9E7E464E-E355-403B-9A63-1C2EBFCC88D7}.Release|Any CPU.ActiveCfg = Release|Any CPU
		{9E7E464E-E355-403B-9A63-1C2EBFCC88D7}.Release|Any CPU.Build.0 = Release|Any CPU
	EndGlobalSection
	GlobalSection(SolutionProperties) = preSolution
		HideSolutionNode = FALSE
	EndGlobalSection
	GlobalSection(ExtensibilityGlobals) = postSolution
		SolutionGuid = {368A35A9-BD8E-4AA8-A7DE-4A736D0493D8}
	EndGlobalSection
EndGlobal
