
Microsoft Visual Studio Solution File, Format Version 12.00
# Visual Studio Version 17
VisualStudioVersion = 17.9.34607.119
MinimumVisualStudioVersion = 10.0.40219.1
Project("{FAE04EC0-301F-11D3-BF4B-00C04F79EFBC}") = "ArrayList", "ArrayList.csproj", "{359B6B6E-15BB-4A95-A807-5EC1A343F214}"
EndProject
Global
	GlobalSection(SolutionConfigurationPlatforms) = preSolution
		Debug|Any CPU = Debug|Any CPU
		Release|Any CPU = Release|Any CPU
	EndGlobalSection
	GlobalSection(ProjectConfigurationPlatforms) = postSolution
		{359B6B6E-15BB-4A95-A807-5EC1A343F214}.Debug|Any CPU.ActiveCfg = Debug|Any CPU
		{359B6B6E-15BB-4A95-A807-5EC1A343F214}.Debug|Any CPU.Build.0 = Debug|Any CPU
		{359B6B6E-15BB-4A95-A807-5EC1A343F214}.Release|Any CPU.ActiveCfg = Release|Any CPU
		{359B6B6E-15BB-4A95-A807-5EC1A343F214}.Release|Any CPU.Build.0 = Release|Any CPU
	EndGlobalSection
	GlobalSection(SolutionProperties) = preSolution
		HideSolutionNode = FALSE
	EndGlobalSection
	GlobalSection(ExtensibilityGlobals) = postSolution
		SolutionGuid = {C948C343-3349-4B6C-A6ED-BB8D74078DF8}
	EndGlobalSection
EndGlobal
