
Microsoft Visual Studio Solution File, Format Version 12.00
# Visual Studio Version 17
VisualStudioVersion = 17.9.34622.214
MinimumVisualStudioVersion = 10.0.40219.1
Project("{FAE04EC0-301F-11D3-BF4B-00C04F79EFBC}") = "IDictionary", "IDictionary.csproj", "{EC6F01D1-2324-4C6F-8FBB-ED0C3C81035B}"
EndProject
Global
	GlobalSection(SolutionConfigurationPlatforms) = preSolution
		Debug|Any CPU = Debug|Any CPU
		Release|Any CPU = Release|Any CPU
	EndGlobalSection
	GlobalSection(ProjectConfigurationPlatforms) = postSolution
		{EC6F01D1-2324-4C6F-8FBB-ED0C3C81035B}.Debug|Any CPU.ActiveCfg = Debug|Any CPU
		{EC6F01D1-2324-4C6F-8FBB-ED0C3C81035B}.Debug|Any CPU.Build.0 = Debug|Any CPU
		{EC6F01D1-2324-4C6F-8FBB-ED0C3C81035B}.Release|Any CPU.ActiveCfg = Release|Any CPU
		{EC6F01D1-2324-4C6F-8FBB-ED0C3C81035B}.Release|Any CPU.Build.0 = Release|Any CPU
	EndGlobalSection
	GlobalSection(SolutionProperties) = preSolution
		HideSolutionNode = FALSE
	EndGlobalSection
	GlobalSection(ExtensibilityGlobals) = postSolution
		SolutionGuid = {ED69386A-A81E-4D71-BAF2-1D7BD7B0A82C}
	EndGlobalSection
EndGlobal
