
Microsoft Visual Studio Solution File, Format Version 12.00
# Visual Studio Version 17
VisualStudioVersion = 17.9.34607.119
MinimumVisualStudioVersion = 10.0.40219.1
Project("{FAE04EC0-301F-11D3-BF4B-00C04F79EFBC}") = "SortedSet", "SortedSet.csproj", "{4D80E855-94AD-44DA-8DE9-79241BCE6FD5}"
EndProject
Global
	GlobalSection(SolutionConfigurationPlatforms) = preSolution
		Debug|Any CPU = Debug|Any CPU
		Release|Any CPU = Release|Any CPU
	EndGlobalSection
	GlobalSection(ProjectConfigurationPlatforms) = postSolution
		{4D80E855-94AD-44DA-8DE9-79241BCE6FD5}.Debug|Any CPU.ActiveCfg = Debug|Any CPU
		{4D80E855-94AD-44DA-8DE9-79241BCE6FD5}.Debug|Any CPU.Build.0 = Debug|Any CPU
		{4D80E855-94AD-44DA-8DE9-79241BCE6FD5}.Release|Any CPU.ActiveCfg = Release|Any CPU
		{4D80E855-94AD-44DA-8DE9-79241BCE6FD5}.Release|Any CPU.Build.0 = Release|Any CPU
	EndGlobalSection
	GlobalSection(SolutionProperties) = preSolution
		HideSolutionNode = FALSE
	EndGlobalSection
	GlobalSection(ExtensibilityGlobals) = postSolution
		SolutionGuid = {4609799A-83F3-4906-BCBF-52FBB75604C9}
	EndGlobalSection
EndGlobal
