
Microsoft Visual Studio Solution File, Format Version 12.00
# Visual Studio Version 17
VisualStudioVersion = 17.9.34616.47
MinimumVisualStudioVersion = 10.0.40219.1
Project("{FAE04EC0-301F-11D3-BF4B-00C04F79EFBC}") = "ICollection", "ICollection.csproj", "{2158112B-2C93-41F8-89C6-7B88A14F5E5B}"
EndProject
Global
	GlobalSection(SolutionConfigurationPlatforms) = preSolution
		Debug|Any CPU = Debug|Any CPU
		Release|Any CPU = Release|Any CPU
	EndGlobalSection
	GlobalSection(ProjectConfigurationPlatforms) = postSolution
		{2158112B-2C93-41F8-89C6-7B88A14F5E5B}.Debug|Any CPU.ActiveCfg = Debug|Any CPU
		{2158112B-2C93-41F8-89C6-7B88A14F5E5B}.Debug|Any CPU.Build.0 = Debug|Any CPU
		{2158112B-2C93-41F8-89C6-7B88A14F5E5B}.Release|Any CPU.ActiveCfg = Release|Any CPU
		{2158112B-2C93-41F8-89C6-7B88A14F5E5B}.Release|Any CPU.Build.0 = Release|Any CPU
	EndGlobalSection
	GlobalSection(SolutionProperties) = preSolution
		HideSolutionNode = FALSE
	EndGlobalSection
	GlobalSection(ExtensibilityGlobals) = postSolution
		SolutionGuid = {F91AB121-9DF5-4D11-958C-9B69F443EE9D}
	EndGlobalSection
EndGlobal
