
Microsoft Visual Studio Solution File, Format Version 12.00
# Visual Studio Version 17
VisualStudioVersion = 17.9.34607.119
MinimumVisualStudioVersion = 10.0.40219.1
Project("{FAE04EC0-301F-11D3-BF4B-00C04F79EFBC}") = "Dictionary", "Dictionary.csproj", "{CA179746-47C9-4F52-9FE3-5E35D1C410EE}"
EndProject
Global
	GlobalSection(SolutionConfigurationPlatforms) = preSolution
		Debug|Any CPU = Debug|Any CPU
		Release|Any CPU = Release|Any CPU
	EndGlobalSection
	GlobalSection(ProjectConfigurationPlatforms) = postSolution
		{CA179746-47C9-4F52-9FE3-5E35D1C410EE}.Debug|Any CPU.ActiveCfg = Debug|Any CPU
		{CA179746-47C9-4F52-9FE3-5E35D1C410EE}.Debug|Any CPU.Build.0 = Debug|Any CPU
		{CA179746-47C9-4F52-9FE3-5E35D1C410EE}.Release|Any CPU.ActiveCfg = Release|Any CPU
		{CA179746-47C9-4F52-9FE3-5E35D1C410EE}.Release|Any CPU.Build.0 = Release|Any CPU
	EndGlobalSection
	GlobalSection(SolutionProperties) = preSolution
		HideSolutionNode = FALSE
	EndGlobalSection
	GlobalSection(ExtensibilityGlobals) = postSolution
		SolutionGuid = {DA934FFF-A359-4FDA-958E-979F0AD15506}
	EndGlobalSection
EndGlobal
