
Microsoft Visual Studio Solution File, Format Version 12.00
# Visual Studio Version 17
VisualStudioVersion = 17.9.34607.119
MinimumVisualStudioVersion = 10.0.40219.1
Project("{FAE04EC0-301F-11D3-BF4B-00C04F79EFBC}") = "SortedDictionary", "SortedDictionary.csproj", "{1A731F71-52C7-4B1F-8D4A-9D31CB3D3262}"
EndProject
Global
	GlobalSection(SolutionConfigurationPlatforms) = preSolution
		Debug|Any CPU = Debug|Any CPU
		Release|Any CPU = Release|Any CPU
	EndGlobalSection
	GlobalSection(ProjectConfigurationPlatforms) = postSolution
		{1A731F71-52C7-4B1F-8D4A-9D31CB3D3262}.Debug|Any CPU.ActiveCfg = Debug|Any CPU
		{1A731F71-52C7-4B1F-8D4A-9D31CB3D3262}.Debug|Any CPU.Build.0 = Debug|Any CPU
		{1A731F71-52C7-4B1F-8D4A-9D31CB3D3262}.Release|Any CPU.ActiveCfg = Release|Any CPU
		{1A731F71-52C7-4B1F-8D4A-9D31CB3D3262}.Release|Any CPU.Build.0 = Release|Any CPU
	EndGlobalSection
	GlobalSection(SolutionProperties) = preSolution
		HideSolutionNode = FALSE
	EndGlobalSection
	GlobalSection(ExtensibilityGlobals) = postSolution
		SolutionGuid = {0C5E1DA8-F70A-417C-BCA5-2E124D975C66}
	EndGlobalSection
EndGlobal
